
Microsoft Visual Studio Solution File, Format Version 12.00
Project("{FAE04EC0-301F-11D3-BF4B-00C04F79EFBC}") = "DDD.CQRS.Abstract", "DDD.CQRS.Abstract\DDD.CQRS.Abstract.csproj", "{5F6C942A-DE35-42D8-8C8E-5BCC269D6969}"
EndProject
Project("{FAE04EC0-301F-11D3-BF4B-00C04F79EFBC}") = "DDD.CQRS.Domain", "DDD.CQRS.Domain\DDD.CQRS.Domain.csproj", "{174F2A5E-DF68-4147-B897-7830021A46B2}"
EndProject
Project("{FAE04EC0-301F-11D3-BF4B-00C04F79EFBC}") = "DDD.CQRS.DataAccess.EF", "DDD.CQRS.DataAccess.EF\DDD.CQRS.DataAccess.EF.csproj", "{9EE1DE74-DA63-46BF-8D36-710913C51BF0}"
EndProject
Project("{FAE04EC0-301F-11D3-BF4B-00C04F79EFBC}") = "DDD.CQRS.Infrastructure", "DDD.CQRS.Infrastructure\DDD.CQRS.Infrastructure.csproj", "{801E69BF-008E-43C4-976C-00FEA754BD80}"
EndProject
Global
	GlobalSection(SolutionConfigurationPlatforms) = preSolution
		Debug|Any CPU = Debug|Any CPU
		Release|Any CPU = Release|Any CPU
	EndGlobalSection
	GlobalSection(ProjectConfigurationPlatforms) = postSolution
		{5F6C942A-DE35-42D8-8C8E-5BCC269D6969}.Debug|Any CPU.ActiveCfg = Debug|Any CPU
		{5F6C942A-DE35-42D8-8C8E-5BCC269D6969}.Debug|Any CPU.Build.0 = Debug|Any CPU
		{5F6C942A-DE35-42D8-8C8E-5BCC269D6969}.Release|Any CPU.ActiveCfg = Release|Any CPU
		{5F6C942A-DE35-42D8-8C8E-5BCC269D6969}.Release|Any CPU.Build.0 = Release|Any CPU
		{174F2A5E-DF68-4147-B897-7830021A46B2}.Debug|Any CPU.ActiveCfg = Debug|Any CPU
		{174F2A5E-DF68-4147-B897-7830021A46B2}.Debug|Any CPU.Build.0 = Debug|Any CPU
		{174F2A5E-DF68-4147-B897-7830021A46B2}.Release|Any CPU.ActiveCfg = Release|Any CPU
		{174F2A5E-DF68-4147-B897-7830021A46B2}.Release|Any CPU.Build.0 = Release|Any CPU
		{9EE1DE74-DA63-46BF-8D36-710913C51BF0}.Debug|Any CPU.ActiveCfg = Debug|Any CPU
		{9EE1DE74-DA63-46BF-8D36-710913C51BF0}.Debug|Any CPU.Build.0 = Debug|Any CPU
		{9EE1DE74-DA63-46BF-8D36-710913C51BF0}.Release|Any CPU.ActiveCfg = Release|Any CPU
		{9EE1DE74-DA63-46BF-8D36-710913C51BF0}.Release|Any CPU.Build.0 = Release|Any CPU
		{801E69BF-008E-43C4-976C-00FEA754BD80}.Debug|Any CPU.ActiveCfg = Debug|Any CPU
		{801E69BF-008E-43C4-976C-00FEA754BD80}.Debug|Any CPU.Build.0 = Debug|Any CPU
		{801E69BF-008E-43C4-976C-00FEA754BD80}.Release|Any CPU.ActiveCfg = Release|Any CPU
		{801E69BF-008E-43C4-976C-00FEA754BD80}.Release|Any CPU.Build.0 = Release|Any CPU
	EndGlobalSection
EndGlobal
